
Microsoft Visual Studio Solution File, Format Version 12.00
# Visual Studio Version 16
VisualStudioVersion = 16.0.29728.190
MinimumVisualStudioVersion = 10.0.40219.1
Project("{FAE04EC0-301F-11D3-BF4B-00C04F79EFBC}") = "Tic-Tac-Toe", "Tic-Tac-Toe\Tic-Tac-Toe.csproj", "{9E210D47-8CBC-4F74-820B-4CB4188D6B73}"
EndProject
Global
	GlobalSection(SolutionConfigurationPlatforms) = preSolution
		Debug|Any CPU = Debug|Any CPU
		Release|Any CPU = Release|Any CPU
	EndGlobalSection
	GlobalSection(ProjectConfigurationPlatforms) = postSolution
		{9E210D47-8CBC-4F74-820B-4CB4188D6B73}.Debug|Any CPU.ActiveCfg = Debug|Any CPU
		{9E210D47-8CBC-4F74-820B-4CB4188D6B73}.Debug|Any CPU.Build.0 = Debug|Any CPU
		{9E210D47-8CBC-4F74-820B-4CB4188D6B73}.Release|Any CPU.ActiveCfg = Release|Any CPU
		{9E210D47-8CBC-4F74-820B-4CB4188D6B73}.Release|Any CPU.Build.0 = Release|Any CPU
	EndGlobalSection
	GlobalSection(SolutionProperties) = preSolution
		HideSolutionNode = FALSE
	EndGlobalSection
	GlobalSection(ExtensibilityGlobals) = postSolution
		SolutionGuid = {49802A98-D951-414E-91A3-FDA8C97D4212}
	EndGlobalSection
EndGlobal
